// !$*UTF8*$!
{
	archiveVersion = 1;
	classes = {
	};
	objectVersion = 46;
	objects = {

/* Begin PBXBuildFile section */
		4E97162A1D23F678007340C0 /* main.m in Sources */ = {isa = PBXBuildFile; fileRef = 4E9716291D23F678007340C0 /* main.m */; };
		4E97162D1D23F678007340C0 /* AppDelegate.m in Sources */ = {isa = PBXBuildFile; fileRef = 4E97162C1D23F678007340C0 /* AppDelegate.m */; };
		4E9716301D23F678007340C0 /* ViewController.m in Sources */ = {isa = PBXBuildFile; fileRef = 4E97162F1D23F678007340C0 /* ViewController.m */; };
		4E9716331D23F678007340C0 /* Main.storyboard in Resources */ = {isa = PBXBuildFile; fileRef = 4E9716311D23F678007340C0 /* Main.storyboard */; };
		4E9716361D23F678007340C0 /* HelloWorld1.xcdatamodeld in Sources */ = {isa = PBXBuildFile; fileRef = 4E9716341D23F678007340C0 /* HelloWorld1.xcdatamodeld */; };
		4E9716381D23F678007340C0 /* Assets.xcassets in Resources */ = {isa = PBXBuildFile; fileRef = 4E9716371D23F678007340C0 /* Assets.xcassets */; };
		4E97163B1D23F678007340C0 /* LaunchScreen.storyboard in Resources */ = {isa = PBXBuildFile; fileRef = 4E9716391D23F678007340C0 /* LaunchScreen.storyboard */; };
		4E9716461D23F679007340C0 /* HelloWorld1Tests.m in Sources */ = {isa = PBXBuildFile; fileRef = 4E9716451D23F679007340C0 /* HelloWorld1Tests.m */; };
		4E9716511D23F679007340C0 /* HelloWorld1UITests.m in Sources */ = {isa = PBXBuildFile; fileRef = 4E9716501D23F679007340C0 /* HelloWorld1UITests.m */; };
/* End PBXBuildFile section */

/* Begin PBXContainerItemProxy section */
		4E9716421D23F679007340C0 /* PBXContainerItemProxy */ = {
			isa = PBXContainerItemProxy;
			containerPortal = 4E97161D1D23F678007340C0 /* Project object */;
			proxyType = 1;
			remoteGlobalIDString = 4E9716241D23F678007340C0;
			remoteInfo = HelloWorld1;
		};
		4E97164D1D23F679007340C0 /* PBXContainerItemProxy */ = {
			isa = PBXContainerItemProxy;
			containerPortal = 4E97161D1D23F678007340C0 /* Project object */;
			proxyType = 1;
			remoteGlobalIDString = 4E9716241D23F678007340C0;
			remoteInfo = HelloWorld1;
		};
/* End PBXContainerItemProxy section */

/* Begin PBXFileReference section */
		4E9716251D23F678007340C0 /* HelloWorld1.app */ = {isa = PBXFileReference; explicitFileType = wrapper.application; includeInIndex = 0; path = HelloWorld1.app; sourceTree = BUILT_PRODUCTS_DIR; };
		4E9716291D23F678007340C0 /* main.m */ = {isa = PBXFileReference; lastKnownFileType = sourcecode.c.objc; path = main.m; sourceTree = "<group>"; };
		4E97162B1D23F678007340C0 /* AppDelegate.h */ = {isa = PBXFileReference; lastKnownFileType = sourcecode.c.h; path = AppDelegate.h; sourceTree = "<group>"; };
		4E97162C1D23F678007340C0 /* AppDelegate.m */ = {isa = PBXFileReference; lastKnownFileType = sourcecode.c.objc; path = AppDelegate.m; sourceTree = "<group>"; };
		4E97162E1D23F678007340C0 /* ViewController.h */ = {isa = PBXFileReference; lastKnownFileType = sourcecode.c.h; path = ViewController.h; sourceTree = "<group>"; };
		4E97162F1D23F678007340C0 /* ViewController.m */ = {isa = PBXFileReference; lastKnownFileType = sourcecode.c.objc; path = ViewController.m; sourceTree = "<group>"; };
		4E9716321D23F678007340C0 /* Base */ = {isa = PBXFileReference; lastKnownFileType = file.storyboard; name = Base; path = Base.lproj/Main.storyboard; sourceTree = "<group>"; };
		4E9716351D23F678007340C0 /* HelloWorld1.xcdatamodel */ = {isa = PBXFileReference; lastKnownFileType = wrapper.xcdatamodel; path = HelloWorld1.xcdatamodel; sourceTree = "<group>"; };
		4E9716371D23F678007340C0 /* Assets.xcassets */ = {isa = PBXFileReference; lastKnownFileType = folder.assetcatalog; path = Assets.xcassets; sourceTree = "<group>"; };
		4E97163A1D23F678007340C0 /* Base */ = {isa = PBXFileReference; lastKnownFileType = file.storyboard; name = Base; path = Base.lproj/LaunchScreen.storyboard; sourceTree = "<group>"; };
		4E97163C1D23F678007340C0 /* Info.plist */ = {isa = PBXFileReference; lastKnownFileType = text.plist.xml; path = Info.plist; sourceTree = "<group>"; };
		4E9716411D23F679007340C0 /* HelloWorld1Tests.xctest */ = {isa = PBXFileReference; explicitFileType = wrapper.cfbundle; includeInIndex = 0; path = HelloWorld1Tests.xctest; sourceTree = BUILT_PRODUCTS_DIR; };
		4E9716451D23F679007340C0 /* HelloWorld1Tests.m */ = {isa = PBXFileReference; lastKnownFileType = sourcecode.c.objc; path = HelloWorld1Tests.m; sourceTree = "<group>"; };
		4E9716471D23F679007340C0 /* Info.plist */ = {isa = PBXFileReference; lastKnownFileType = text.plist.xml; path = Info.plist; sourceTree = "<group>"; };
		4E97164C1D23F679007340C0 /* HelloWorld1UITests.xctest */ = {isa = PBXFileReference; explicitFileType = wrapper.cfbundle; includeInIndex = 0; path = HelloWorld1UITests.xctest; sourceTree = BUILT_PRODUCTS_DIR; };
		4E9716501D23F679007340C0 /* HelloWorld1UITests.m */ = {isa = PBXFileReference; lastKnownFileType = sourcecode.c.objc; path = HelloWorld1UITests.m; sourceTree = "<group>"; };
		4E9716521D23F679007340C0 /* Info.plist */ = {isa = PBXFileReference; lastKnownFileType = text.plist.xml; path = Info.plist; sourceTree = "<group>"; };
/* End PBXFileReference section */

/* Begin PBXFrameworksBuildPhase section */
		4E9716221D23F678007340C0 /* Frameworks */ = {
			isa = PBXFrameworksBuildPhase;
			buildActionMask = 2147483647;
			files = (
			);
			runOnlyForDeploymentPostprocessing = 0;
		};
		4E97163E1D23F679007340C0 /* Frameworks */ = {
			isa = PBXFrameworksBuildPhase;
			buildActionMask = 2147483647;
			files = (
			);
			runOnlyForDeploymentPostprocessing = 0;
		};
		4E9716491D23F679007340C0 /* Frameworks */ = {
			isa = PBXFrameworksBuildPhase;
			buildActionMask = 2147483647;
			files = (
			);
			runOnlyForDeploymentPostprocessing = 0;
		};
/* End PBXFrameworksBuildPhase section */

/* Begin PBXGroup section */
		4E97161C1D23F678007340C0 = {
			isa = PBXGroup;
			children = (
				4E9716271D23F678007340C0 /* HelloWorld1 */,
				4E9716441D23F679007340C0 /* HelloWorld1Tests */,
				4E97164F1D23F679007340C0 /* HelloWorld1UITests */,
				4E9716261D23F678007340C0 /* Products */,
			);
			sourceTree = "<group>";
		};
		4E9716261D23F678007340C0 /* Products */ = {
			isa = PBXGroup;
			children = (
				4E9716251D23F678007340C0 /* HelloWorld1.app */,
				4E9716411D23F679007340C0 /* HelloWorld1Tests.xctest */,
				4E97164C1D23F679007340C0 /* HelloWorld1UITests.xctest */,
			);
			name = Products;
			sourceTree = "<group>";
		};
		4E9716271D23F678007340C0 /* HelloWorld1 */ = {
			isa = PBXGroup;
			children = (
				4E97162B1D23F678007340C0 /* AppDelegate.h */,
				4E97162C1D23F678007340C0 /* AppDelegate.m */,
				4E97162E1D23F678007340C0 /* ViewController.h */,
				4E97162F1D23F678007340C0 /* ViewController.m */,
				4E9716311D23F678007340C0 /* Main.storyboard */,
				4E9716371D23F678007340C0 /* Assets.xcassets */,
				4E9716391D23F678007340C0 /* LaunchScreen.storyboard */,
				4E97163C1D23F678007340C0 /* Info.plist */,
				4E9716341D23F678007340C0 /* HelloWorld1.xcdatamodeld */,
				4E9716281D23F678007340C0 /* Supporting Files */,
			);
			path = HelloWorld1;
			sourceTree = "<group>";
		};
		4E9716281D23F678007340C0 /* Supporting Files */ = {
			isa = PBXGroup;
			children = (
				4E9716291D23F678007340C0 /* main.m */,
			);
			name = "Supporting Files";
			sourceTree = "<group>";
		};
		4E9716441D23F679007340C0 /* HelloWorld1Tests */ = {
			isa = PBXGroup;
			children = (
				4E9716451D23F679007340C0 /* HelloWorld1Tests.m */,
				4E9716471D23F679007340C0 /* Info.plist */,
			);
			path = HelloWorld1Tests;
			sourceTree = "<group>";
		};
		4E97164F1D23F679007340C0 /* HelloWorld1UITests */ = {
			isa = PBXGroup;
			children = (
				4E9716501D23F679007340C0 /* HelloWorld1UITests.m */,
				4E9716521D23F679007340C0 /* Info.plist */,
			);
			path = HelloWorld1UITests;
			sourceTree = "<group>";
		};
/* End PBXGroup section */

/* Begin PBXNativeTarget section */
		4E9716241D23F678007340C0 /* HelloWorld1 */ = {
			isa = PBXNativeTarget;
			buildConfigurationList = 4E9716551D23F679007340C0 /* Build configuration list for PBXNativeTarget "HelloWorld1" */;
			buildPhases = (
				4E9716211D23F678007340C0 /* Sources */,
				4E9716221D23F678007340C0 /* Frameworks */,
				4E9716231D23F678007340C0 /* Resources */,
			);
			buildRules = (
			);
			dependencies = (
			);
			name = HelloWorld1;
			productName = HelloWorld1;
			productReference = 4E9716251D23F678007340C0 /* HelloWorld1.app */;
			productType = "com.apple.product-type.application";
		};
		4E9716401D23F679007340C0 /* HelloWorld1Tests */ = {
			isa = PBXNativeTarget;
			buildConfigurationList = 4E9716581D23F679007340C0 /* Build configuration list for PBXNativeTarget "HelloWorld1Tests" */;
			buildPhases = (
				4E97163D1D23F679007340C0 /* Sources */,
				4E97163E1D23F679007340C0 /* Frameworks */,
				4E97163F1D23F679007340C0 /* Resources */,
			);
			buildRules = (
			);
			dependencies = (
				4E9716431D23F679007340C0 /* PBXTargetDependency */,
			);
			name = HelloWorld1Tests;
			productName = HelloWorld1Tests;
			productReference = 4E9716411D23F679007340C0 /* HelloWorld1Tests.xctest */;
			productType = "com.apple.product-type.bundle.unit-test";
		};
		4E97164B1D23F679007340C0 /* HelloWorld1UITests */ = {
			isa = PBXNativeTarget;
			buildConfigurationList = 4E97165B1D23F679007340C0 /* Build configuration list for PBXNativeTarget "HelloWorld1UITests" */;
			buildPhases = (
				4E9716481D23F679007340C0 /* Sources */,
				4E9716491D23F679007340C0 /* Frameworks */,
				4E97164A1D23F679007340C0 /* Resources */,
			);
			buildRules = (
			);
			dependencies = (
				4E97164E1D23F679007340C0 /* PBXTargetDependency */,
			);
			name = HelloWorld1UITests;
			productName = HelloWorld1UITests;
			productReference = 4E97164C1D23F679007340C0 /* HelloWorld1UITests.xctest */;
			productType = "com.apple.product-type.bundle.ui-testing";
		};
/* End PBXNativeTarget section */

/* Begin PBXProject section */
		4E97161D1D23F678007340C0 /* Project object */ = {
			isa = PBXProject;
			attributes = {
				LastUpgradeCheck = 0730;
				ORGANIZATIONNAME = DevRabbit;
				TargetAttributes = {
					4E9716241D23F678007340C0 = {
						CreatedOnToolsVersion = 7.3.1;
					};
					4E9716401D23F679007340C0 = {
						CreatedOnToolsVersion = 7.3.1;
						TestTargetID = 4E9716241D23F678007340C0;
					};
					4E97164B1D23F679007340C0 = {
						CreatedOnToolsVersion = 7.3.1;
						TestTargetID = 4E9716241D23F678007340C0;
					};
				};
			};
			buildConfigurationList = 4E9716201D23F678007340C0 /* Build configuration list for PBXProject "HelloWorld1" */;
			compatibilityVersion = "Xcode 3.2";
			developmentRegion = English;
			hasScannedForEncodings = 0;
			knownRegions = (
				en,
				Base,
			);
			mainGroup = 4E97161C1D23F678007340C0;
			productRefGroup = 4E9716261D23F678007340C0 /* Products */;
			projectDirPath = "";
			projectRoot = "";
			targets = (
				4E9716241D23F678007340C0 /* HelloWorld1 */,
				4E9716401D23F679007340C0 /* HelloWorld1Tests */,
				4E97164B1D23F679007340C0 /* HelloWorld1UITests */,
			);
		};
/* End PBXProject section */

/* Begin PBXResourcesBuildPhase section */
		4E9716231D23F678007340C0 /* Resources */ = {
			isa = PBXResourcesBuildPhase;
			buildActionMask = 2147483647;
			files = (
				4E97163B1D23F678007340C0 /* LaunchScreen.storyboard in Resources */,
				4E9716381D23F678007340C0 /* Assets.xcassets in Resources */,
				4E9716331D23F678007340C0 /* Main.storyboard in Resources */,
			);
			runOnlyForDeploymentPostprocessing = 0;
		};
		4E97163F1D23F679007340C0 /* Resources */ = {
			isa = PBXResourcesBuildPhase;
			buildActionMask = 2147483647;
			files = (
			);
			runOnlyForDeploymentPostprocessing = 0;
		};
		4E97164A1D23F679007340C0 /* Resources */ = {
			isa = PBXResourcesBuildPhase;
			buildActionMask = 2147483647;
			files = (
			);
			runOnlyForDeploymentPostprocessing = 0;
		};
/* End PBXResourcesBuildPhase section */

/* Begin PBXSourcesBuildPhase section */
		4E9716211D23F678007340C0 /* Sources */ = {
			isa = PBXSourcesBuildPhase;
			buildActionMask = 2147483647;
			files = (
				4E9716301D23F678007340C0 /* ViewController.m in Sources */,
				4E9716361D23F678007340C0 /* HelloWorld1.xcdatamodeld in Sources */,
				4E97162D1D23F678007340C0 /* AppDelegate.m in Sources */,
				4E97162A1D23F678007340C0 /* main.m in Sources */,
			);
			runOnlyForDeploymentPostprocessing = 0;
		};
		4E97163D1D23F679007340C0 /* Sources */ = {
			isa = PBXSourcesBuildPhase;
			buildActionMask = 2147483647;
			files = (
				4E9716461D23F679007340C0 /* HelloWorld1Tests.m in Sources */,
			);
			runOnlyForDeploymentPostprocessing = 0;
		};
		4E9716481D23F679007340C0 /* Sources */ = {
			isa = PBXSourcesBuildPhase;
			buildActionMask = 2147483647;
			files = (
				4E9716511D23F679007340C0 /* HelloWorld1UITests.m in Sources */,
			);
			runOnlyForDeploymentPostprocessing = 0;
		};
/* End PBXSourcesBuildPhase section */

/* Begin PBXTargetDependency section */
		4E9716431D23F679007340C0 /* PBXTargetDependency */ = {
			isa = PBXTargetDependency;
			target = 4E9716241D23F678007340C0 /* HelloWorld1 */;
			targetProxy = 4E9716421D23F679007340C0 /* PBXContainerItemProxy */;
		};
		4E97164E1D23F679007340C0 /* PBXTargetDependency */ = {
			isa = PBXTargetDependency;
			target = 4E9716241D23F678007340C0 /* HelloWorld1 */;
			targetProxy = 4E97164D1D23F679007340C0 /* PBXContainerItemProxy */;
		};
/* End PBXTargetDependency section */

/* Begin PBXVariantGroup section */
		4E9716311D23F678007340C0 /* Main.storyboard */ = {
			isa = PBXVariantGroup;
			children = (
				4E9716321D23F678007340C0 /* Base */,
			);
			name = Main.storyboard;
			sourceTree = "<group>";
		};
		4E9716391D23F678007340C0 /* LaunchScreen.storyboard */ = {
			isa = PBXVariantGroup;
			children = (
				4E97163A1D23F678007340C0 /* Base */,
			);
			name = LaunchScreen.storyboard;
			sourceTree = "<group>";
		};
/* End PBXVariantGroup section */

/* Begin XCBuildConfiguration section */
		4E9716531D23F679007340C0 /* Debug */ = {
			isa = XCBuildConfiguration;
			buildSettings = {
				ALWAYS_SEARCH_USER_PATHS = NO;
				CLANG_ANALYZER_NONNULL = YES;
				CLANG_CXX_LANGUAGE_STANDARD = "gnu++0x";
				CLANG_CXX_LIBRARY = "libc++";
				CLANG_ENABLE_MODULES = YES;
				CLANG_ENABLE_OBJC_ARC = YES;
				CLANG_WARN_BOOL_CONVERSION = YES;
				CLANG_WARN_CONSTANT_CONVERSION = YES;
				CLANG_WARN_DIRECT_OBJC_ISA_USAGE = YES_ERROR;
				CLANG_WARN_EMPTY_BODY = YES;
				CLANG_WARN_ENUM_CONVERSION = YES;
				CLANG_WARN_INT_CONVERSION = YES;
				CLANG_WARN_OBJC_ROOT_CLASS = YES_ERROR;
				CLANG_WARN_UNREACHABLE_CODE = YES;
				CLANG_WARN__DUPLICATE_METHOD_MATCH = YES;
				"CODE_SIGN_IDENTITY[sdk=iphoneos*]" = "iPhone Developer";
				COPY_PHASE_STRIP = NO;
				DEBUG_INFORMATION_FORMAT = dwarf;
				ENABLE_STRICT_OBJC_MSGSEND = YES;
				ENABLE_TESTABILITY = YES;
				GCC_C_LANGUAGE_STANDARD = gnu99;
				GCC_DYNAMIC_NO_PIC = NO;
				GCC_NO_COMMON_BLOCKS = YES;
				GCC_OPTIMIZATION_LEVEL = 0;
				GCC_PREPROCESSOR_DEFINITIONS = (
					"DEBUG=1",
					"$(inherited)",
				);
				GCC_WARN_64_TO_32_BIT_CONVERSION = YES;
				GCC_WARN_ABOUT_RETURN_TYPE = YES_ERROR;
				GCC_WARN_UNDECLARED_SELECTOR = YES;
				GCC_WARN_UNINITIALIZED_AUTOS = YES_AGGRESSIVE;
				GCC_WARN_UNUSED_FUNCTION = YES;
				GCC_WARN_UNUSED_VARIABLE = YES;
				IPHONEOS_DEPLOYMENT_TARGET = 9.3;
				MTL_ENABLE_DEBUG_INFO = YES;
				ONLY_ACTIVE_ARCH = YES;
				SDKROOT = iphoneos;
				TARGETED_DEVICE_FAMILY = "1,2";
			};
			name = Debug;
		};
		4E9716541D23F679007340C0 /* Release */ = {
			isa = XCBuildConfiguration;
			buildSettings = {
				ALWAYS_SEARCH_USER_PATHS = NO;
				CLANG_ANALYZER_NONNULL = YES;
				CLANG_CXX_LANGUAGE_STANDARD = "gnu++0x";
				CLANG_CXX_LIBRARY = "libc++";
				CLANG_ENABLE_MODULES = YES;
				CLANG_ENABLE_OBJC_ARC = YES;
				CLANG_WARN_BOOL_CONVERSION = YES;
				CLANG_WARN_CONSTANT_CONVERSION = YES;
				CLANG_WARN_DIRECT_OBJC_ISA_USAGE = YES_ERROR;
				CLANG_WARN_EMPTY_BODY = YES;
				CLANG_WARN_ENUM_CONVERSION = YES;
				CLANG_WARN_INT_CONVERSION = YES;
				CLANG_WARN_OBJC_ROOT_CLASS = YES_ERROR;
				CLANG_WARN_UNREACHABLE_CODE = YES;
				CLANG_WARN__DUPLICATE_METHOD_MATCH = YES;
				"CODE_SIGN_IDENTITY[sdk=iphoneos*]" = "iPhone Developer";
				COPY_PHASE_STRIP = NO;
				DEBUG_INFORMATION_FORMAT = "dwarf-with-dsym";
				ENABLE_NS_ASSERTIONS = NO;
				ENABLE_STRICT_OBJC_MSGSEND = YES;
				GCC_C_LANGUAGE_STANDARD = gnu99;
				GCC_NO_COMMON_BLOCKS = YES;
				GCC_WARN_64_TO_32_BIT_CONVERSION = YES;
				GCC_WARN_ABOUT_RETURN_TYPE = YES_ERROR;
				GCC_WARN_UNDECLARED_SELECTOR = YES;
				GCC_WARN_UNINITIALIZED_AUTOS = YES_AGGRESSIVE;
				GCC_WARN_UNUSED_FUNCTION = YES;
				GCC_WARN_UNUSED_VARIABLE = YES;
				IPHONEOS_DEPLOYMENT_TARGET = 9.3;
				MTL_ENABLE_DEBUG_INFO = NO;
				SDKROOT = iphoneos;
				TARGETED_DEVICE_FAMILY = "1,2";
				VALIDATE_PRODUCT = YES;
			};
			name = Release;
		};
		4E9716561D23F679007340C0 /* Debug */ = {
			isa = XCBuildConfiguration;
			buildSettings = {
				ASSETCATALOG_COMPILER_APPICON_NAME = AppIcon;
				INFOPLIST_FILE = HelloWorld1/Info.plist;
				LD_RUNPATH_SEARCH_PATHS = "$(inherited) @executable_path/Frameworks";
				PRODUCT_BUNDLE_IDENTIFIER = com.devrabbit.HelloWorld1;
				PRODUCT_NAME = "$(TARGET_NAME)";
			};
			name = Debug;
		};
		4E9716571D23F679007340C0 /* Release */ = {
			isa = XCBuildConfiguration;
			buildSettings = {
				ASSETCATALOG_COMPILER_APPICON_NAME = AppIcon;
				INFOPLIST_FILE = HelloWorld1/Info.plist;
				LD_RUNPATH_SEARCH_PATHS = "$(inherited) @executable_path/Frameworks";
				PRODUCT_BUNDLE_IDENTIFIER = com.devrabbit.HelloWorld1;
				PRODUCT_NAME = "$(TARGET_NAME)";
			};
			name = Release;
		};
		4E9716591D23F679007340C0 /* Debug */ = {
			isa = XCBuildConfiguration;
			buildSettings = {
				BUNDLE_LOADER = "$(TEST_HOST)";
				INFOPLIST_FILE = HelloWorld1Tests/Info.plist;
				LD_RUNPATH_SEARCH_PATHS = "$(inherited) @executable_path/Frameworks @loader_path/Frameworks";
				PRODUCT_BUNDLE_IDENTIFIER = com.devrabbit.HelloWorld1Tests;
				PRODUCT_NAME = "$(TARGET_NAME)";
				TEST_HOST = "$(BUILT_PRODUCTS_DIR)/HelloWorld1.app/HelloWorld1";
			};
			name = Debug;
		};
		4E97165A1D23F679007340C0 /* Release */ = {
			isa = XCBuildConfiguration;
			buildSettings = {
				BUNDLE_LOADER = "$(TEST_HOST)";
				INFOPLIST_FILE = HelloWorld1Tests/Info.plist;
				LD_RUNPATH_SEARCH_PATHS = "$(inherited) @executable_path/Frameworks @loader_path/Frameworks";
				PRODUCT_BUNDLE_IDENTIFIER = com.devrabbit.HelloWorld1Tests;
				PRODUCT_NAME = "$(TARGET_NAME)";
				TEST_HOST = "$(BUILT_PRODUCTS_DIR)/HelloWorld1.app/HelloWorld1";
			};
			name = Release;
		};
		4E97165C1D23F679007340C0 /* Debug */ = {
			isa = XCBuildConfiguration;
			buildSettings = {
				INFOPLIST_FILE = HelloWorld1UITests/Info.plist;
				LD_RUNPATH_SEARCH_PATHS = "$(inherited) @executable_path/Frameworks @loader_path/Frameworks";
				PRODUCT_BUNDLE_IDENTIFIER = com.devrabbit.HelloWorld1UITests;
				PRODUCT_NAME = "$(TARGET_NAME)";
				TEST_TARGET_NAME = HelloWorld1;
			};
			name = Debug;
		};
		4E97165D1D23F679007340C0 /* Release */ = {
			isa = XCBuildConfiguration;
			buildSettings = {
				INFOPLIST_FILE = HelloWorld1UITests/Info.plist;
				LD_RUNPATH_SEARCH_PATHS = "$(inherited) @executable_path/Frameworks @loader_path/Frameworks";
				PRODUCT_BUNDLE_IDENTIFIER = com.devrabbit.HelloWorld1UITests;
				PRODUCT_NAME = "$(TARGET_NAME)";
				TEST_TARGET_NAME = HelloWorld1;
			};
			name = Release;
		};
/* End XCBuildConfiguration section */

/* Begin XCConfigurationList section */
		4E9716201D23F678007340C0 /* Build configuration list for PBXProject "HelloWorld1" */ = {
			isa = XCConfigurationList;
			buildConfigurations = (
				4E9716531D23F679007340C0 /* Debug */,
				4E9716541D23F679007340C0 /* Release */,
			);
			defaultConfigurationIsVisible = 0;
			defaultConfigurationName = Release;
		};
		4E9716551D23F679007340C0 /* Build configuration list for PBXNativeTarget "HelloWorld1" */ = {
			isa = XCConfigurationList;
			buildConfigurations = (
				4E9716561D23F679007340C0 /* Debug */,
				4E9716571D23F679007340C0 /* Release */,
			);
			defaultConfigurationIsVisible = 0;
		};
		4E9716581D23F679007340C0 /* Build configuration list for PBXNativeTarget "HelloWorld1Tests" */ = {
			isa = XCConfigurationList;
			buildConfigurations = (
				4E9716591D23F679007340C0 /* Debug */,
				4E97165A1D23F679007340C0 /* Release */,
			);
			defaultConfigurationIsVisible = 0;
		};
		4E97165B1D23F679007340C0 /* Build configuration list for PBXNativeTarget "HelloWorld1UITests" */ = {
			isa = XCConfigurationList;
			buildConfigurations = (
				4E97165C1D23F679007340C0 /* Debug */,
				4E97165D1D23F679007340C0 /* Release */,
			);
			defaultConfigurationIsVisible = 0;
		};
/* End XCConfigurationList section */

/* Begin XCVersionGroup section */
		4E9716341D23F678007340C0 /* HelloWorld1.xcdatamodeld */ = {
			isa = XCVersionGroup;
			children = (
				4E9716351D23F678007340C0 /* HelloWorld1.xcdatamodel */,
			);
			currentVersion = 4E9716351D23F678007340C0 /* HelloWorld1.xcdatamodel */;
			path = HelloWorld1.xcdatamodeld;
			sourceTree = "<group>";
			versionGroupType = wrapper.xcdatamodel;
		};
/* End XCVersionGroup section */
	};
	rootObject = 4E97161D1D23F678007340C0 /* Project object */;
}
